
Microsoft Visual Studio Solution File, Format Version 12.00
# Visual Studio 15
VisualStudioVersion = 15.0.28307.489
MinimumVisualStudioVersion = 10.0.40219.1
Project("{FAE04EC0-301F-11D3-BF4B-00C04F79EFBC}") = "jpfc", "jpfc\jpfc.csproj", "{E6CD4E15-48EE-4C23-AD95-21284DAB76C8}"
EndProject
Global
	GlobalSection(SolutionConfigurationPlatforms) = preSolution
		Debug|Any CPU = Debug|Any CPU
		Release|Any CPU = Release|Any CPU
	EndGlobalSection
	GlobalSection(ProjectConfigurationPlatforms) = postSolution
		{E6CD4E15-48EE-4C23-AD95-21284DAB76C8}.Debug|Any CPU.ActiveCfg = Debug|Any CPU
		{E6CD4E15-48EE-4C23-AD95-21284DAB76C8}.Debug|Any CPU.Build.0 = Debug|Any CPU
		{E6CD4E15-48EE-4C23-AD95-21284DAB76C8}.Release|Any CPU.ActiveCfg = Release|Any CPU
		{E6CD4E15-48EE-4C23-AD95-21284DAB76C8}.Release|Any CPU.Build.0 = Release|Any CPU
	EndGlobalSection
	GlobalSection(SolutionProperties) = preSolution
		HideSolutionNode = FALSE
	EndGlobalSection
	GlobalSection(ExtensibilityGlobals) = postSolution
		SolutionGuid = {7CFE34EF-4595-4AF8-8E09-A48C4FD83CDA}
	EndGlobalSection
EndGlobal
